
Microsoft Visual Studio Solution File, Format Version 12.00
# Visual Studio Version 17
VisualStudioVersion = 17.3.32901.215
MinimumVisualStudioVersion = 10.0.40219.1
Project("{8BC9CEB8-8B4A-11D0-8D11-00A0C91BC942}") = "my", "my.vcxproj", "{5619FA26-7B17-4A44-B4DB-E7ED2D2747B4}"
EndProject
Global
	GlobalSection(SolutionConfigurationPlatforms) = preSolution
		Debug|x64 = Debug|x64
		Debug|x86 = Debug|x86
		Release|x64 = Release|x64
		Release|x86 = Release|x86
	EndGlobalSection
	GlobalSection(ProjectConfigurationPlatforms) = postSolution
		{5619FA26-7B17-4A44-B4DB-E7ED2D2747B4}.Debug|x64.ActiveCfg = Debug|x64
		{5619FA26-7B17-4A44-B4DB-E7ED2D2747B4}.Debug|x64.Build.0 = Debug|x64
		{5619FA26-7B17-4A44-B4DB-E7ED2D2747B4}.Debug|x86.ActiveCfg = Debug|Win32
		{5619FA26-7B17-4A44-B4DB-E7ED2D2747B4}.Debug|x86.Build.0 = Debug|Win32
		{5619FA26-7B17-4A44-B4DB-E7ED2D2747B4}.Release|x64.ActiveCfg = Release|x64
		{5619FA26-7B17-4A44-B4DB-E7ED2D2747B4}.Release|x64.Build.0 = Release|x64
		{5619FA26-7B17-4A44-B4DB-E7ED2D2747B4}.Release|x86.ActiveCfg = Release|Win32
		{5619FA26-7B17-4A44-B4DB-E7ED2D2747B4}.Release|x86.Build.0 = Release|Win32
	EndGlobalSection
	GlobalSection(SolutionProperties) = preSolution
		HideSolutionNode = FALSE
	EndGlobalSection
	GlobalSection(ExtensibilityGlobals) = postSolution
		SolutionGuid = {965B9AF5-39DC-40BF-994D-4DE0FFFC976F}
	EndGlobalSection
EndGlobal
